
Microsoft Visual Studio Solution File, Format Version 10.00
# Visual Studio 2008
Project("{FAE04EC0-301F-11D3-BF4B-00C04F79EFBC}") = "NameServer", "NameServer\NameServer.csproj", "{EDAB2A7C-1894-428F-9B1C-3B33AC0E0F3B}"
EndProject
Project("{2150E333-8FDC-42A3-9474-1A3956D46DE8}") = "Libraries", "Libraries", "{4B8F81B1-6636-44ED-92D6-9B31BFF2EE8B}"
	ProjectSection(SolutionItems) = preProject
		lib\log4net-license.txt = lib\log4net-license.txt
		lib\log4net.dll = lib\log4net.dll
		lib\log4net.xml = lib\log4net.xml
	EndProjectSection
EndProject
Project("{2150E333-8FDC-42A3-9474-1A3956D46DE8}") = "Solution Items", "Solution Items", "{7F2D342B-860E-4940-BBAB-9B7325C3F47D}"
	ProjectSection(SolutionItems) = preProject
		ChangeLog.txt = ChangeLog.txt
		Jumbo.vsmdi = Jumbo.vsmdi
		LocalTestRun.testrunconfig = LocalTestRun.testrunconfig
	EndProjectSection
EndProject
Project("{FAE04EC0-301F-11D3-BF4B-00C04F79EFBC}") = "NameServerTests", "NameServerTests\NameServerTests.csproj", "{34CCD4B0-E99B-4488-8FBE-6F19D386AE8A}"
EndProject
Project("{FAE04EC0-301F-11D3-BF4B-00C04F79EFBC}") = "Tkl.Jumbo.Dfs", "Tkl.Jumbo.Dfs\Tkl.Jumbo.Dfs.csproj", "{67D71A3A-4FDA-4136-8423-07A7C1592E65}"
EndProject
Project("{FAE04EC0-301F-11D3-BF4B-00C04F79EFBC}") = "ClientSample", "ClientSample\ClientSample.csproj", "{53A1AE9C-A90B-4832-AC6E-1F1B19B24153}"
EndProject
Global
	GlobalSection(TestCaseManagementSettings) = postSolution
		CategoryFile = Jumbo.vsmdi
	EndGlobalSection
	GlobalSection(SolutionConfigurationPlatforms) = preSolution
		Debug|Any CPU = Debug|Any CPU
		Release|Any CPU = Release|Any CPU
	EndGlobalSection
	GlobalSection(ProjectConfigurationPlatforms) = postSolution
		{EDAB2A7C-1894-428F-9B1C-3B33AC0E0F3B}.Debug|Any CPU.ActiveCfg = Debug|Any CPU
		{EDAB2A7C-1894-428F-9B1C-3B33AC0E0F3B}.Debug|Any CPU.Build.0 = Debug|Any CPU
		{EDAB2A7C-1894-428F-9B1C-3B33AC0E0F3B}.Release|Any CPU.ActiveCfg = Release|Any CPU
		{EDAB2A7C-1894-428F-9B1C-3B33AC0E0F3B}.Release|Any CPU.Build.0 = Release|Any CPU
		{34CCD4B0-E99B-4488-8FBE-6F19D386AE8A}.Debug|Any CPU.ActiveCfg = Debug|Any CPU
		{34CCD4B0-E99B-4488-8FBE-6F19D386AE8A}.Debug|Any CPU.Build.0 = Debug|Any CPU
		{34CCD4B0-E99B-4488-8FBE-6F19D386AE8A}.Release|Any CPU.ActiveCfg = Release|Any CPU
		{34CCD4B0-E99B-4488-8FBE-6F19D386AE8A}.Release|Any CPU.Build.0 = Release|Any CPU
		{67D71A3A-4FDA-4136-8423-07A7C1592E65}.Debug|Any CPU.ActiveCfg = Debug|Any CPU
		{67D71A3A-4FDA-4136-8423-07A7C1592E65}.Debug|Any CPU.Build.0 = Debug|Any CPU
		{67D71A3A-4FDA-4136-8423-07A7C1592E65}.Release|Any CPU.ActiveCfg = Release|Any CPU
		{67D71A3A-4FDA-4136-8423-07A7C1592E65}.Release|Any CPU.Build.0 = Release|Any CPU
		{53A1AE9C-A90B-4832-AC6E-1F1B19B24153}.Debug|Any CPU.ActiveCfg = Debug|Any CPU
		{53A1AE9C-A90B-4832-AC6E-1F1B19B24153}.Debug|Any CPU.Build.0 = Debug|Any CPU
		{53A1AE9C-A90B-4832-AC6E-1F1B19B24153}.Release|Any CPU.ActiveCfg = Release|Any CPU
		{53A1AE9C-A90B-4832-AC6E-1F1B19B24153}.Release|Any CPU.Build.0 = Release|Any CPU
	EndGlobalSection
	GlobalSection(SolutionProperties) = preSolution
		HideSolutionNode = FALSE
	EndGlobalSection
EndGlobal
