
Microsoft Visual Studio Solution File, Format Version 12.00
# Visual Studio 2012
Project("{2150E333-8FDC-42A3-9474-1A3956D46DE8}") = "Libraries", "Libraries", "{4B8F81B1-6636-44ED-92D6-9B31BFF2EE8B}"
	ProjectSection(SolutionItems) = preProject
		lib\ICSharpCode.SharpZipLib.dll = lib\ICSharpCode.SharpZipLib.dll
		lib\ICSharpCode.SharpZipLib.xml = lib\ICSharpCode.SharpZipLib.xml
		lib\log4net-license.txt = lib\log4net-license.txt
		lib\log4net.dll = lib\log4net.dll
		lib\log4net.xml = lib\log4net.xml
		lib\Ookii.CommandLine.dll = lib\Ookii.CommandLine.dll
		lib\Ookii.CommandLine.XML = lib\Ookii.CommandLine.XML
	EndProjectSection
EndProject
Project("{2150E333-8FDC-42A3-9474-1A3956D46DE8}") = "Solution Items", "Solution Items", "{7F2D342B-860E-4940-BBAB-9B7325C3F47D}"
	ProjectSection(SolutionItems) = preProject
		AssemblyInfoCommon.cs = AssemblyInfoCommon.cs
		AssemblyInfoCommon.cs.template = AssemblyInfoCommon.cs.template
		build.sh = build.sh
		CodeAnalysisDictionary.xml = CodeAnalysisDictionary.xml
		common.config = common.config
		Create-Release.ps1 = Create-Release.ps1
		deploy.sh = deploy.sh
		dfs.config = dfs.config
		documentation.html = documentation.html
		Gen-Version.ps1 = Gen-Version.ps1
		gen-version.sh = gen-version.sh
		groups = groups
		jet.config = jet.config
		Jumbo-Config.ps1 = Jumbo-Config.ps1
		jumbo-config.sh = jumbo-config.sh
		Jumbo.build = Jumbo.build
		Jumbo.ruleset = Jumbo.ruleset
		masters = masters
		Run-Dfs.ps1 = Run-Dfs.ps1
		run-dfs.sh = run-dfs.sh
		Run-Jet.ps1 = Run-Jet.ps1
		run-jet.sh = run-jet.sh
		Run-Server.ps1 = Run-Server.ps1
		run-server.sh = run-server.sh
		slaves = slaves
		test.sh = test.sh
	EndProjectSection
EndProject
Project("{2150E333-8FDC-42A3-9474-1A3956D46DE8}") = "Jumbo.Dfs", "Jumbo.Dfs", "{0703556B-46C0-4EBA-8178-2A03BEE80BBA}"
EndProject
Project("{2150E333-8FDC-42A3-9474-1A3956D46DE8}") = "Jumbo.Jet", "Jumbo.Jet", "{FB89B685-F2DA-45FF-A5B5-1DF6EF6E5F58}"
EndProject
Project("{2150E333-8FDC-42A3-9474-1A3956D46DE8}") = "Common", "Common", "{F2589416-5C6A-4FD8-B571-AAFB1FB0ED7C}"
EndProject
Project("{FAE04EC0-301F-11D3-BF4B-00C04F79EFBC}") = "NameServer", "NameServer\NameServer.csproj", "{EDAB2A7C-1894-428F-9B1C-3B33AC0E0F3B}"
EndProject
Project("{FAE04EC0-301F-11D3-BF4B-00C04F79EFBC}") = "Ookii.Jumbo.Dfs", "Ookii.Jumbo.Dfs\Ookii.Jumbo.Dfs.csproj", "{67D71A3A-4FDA-4136-8423-07A7C1592E65}"
EndProject
Project("{FAE04EC0-301F-11D3-BF4B-00C04F79EFBC}") = "DataServer", "DataServer\DataServer.csproj", "{BFC1A761-6DB1-4C3D-8A0C-E5261B1202AC}"
EndProject
Project("{FAE04EC0-301F-11D3-BF4B-00C04F79EFBC}") = "Ookii.Jumbo.Test", "Ookii.Jumbo.Test\Ookii.Jumbo.Test.csproj", "{6D59A812-DDDE-4682-98D7-FDDEF74AAF81}"
EndProject
Project("{FAE04EC0-301F-11D3-BF4B-00C04F79EFBC}") = "DfsShell", "DfsShell\DfsShell.csproj", "{5D898EC9-524F-4055-B9C3-3FB6013AB9D3}"
EndProject
Project("{FAE04EC0-301F-11D3-BF4B-00C04F79EFBC}") = "Ookii.Jumbo", "Ookii.Jumbo\Ookii.Jumbo.csproj", "{17C7CE1A-4F9F-4173-8BA8-9C26A4F644C6}"
EndProject
Project("{FAE04EC0-301F-11D3-BF4B-00C04F79EFBC}") = "Ookii.Jumbo.Jet", "Ookii.Jumbo.Jet\Ookii.Jumbo.Jet.csproj", "{E739829A-3507-42EA-A8B4-D8D41060DF95}"
EndProject
Project("{FAE04EC0-301F-11D3-BF4B-00C04F79EFBC}") = "JobServer", "JobServer\JobServer.csproj", "{F1489C9B-CF7F-4D98-9FBE-F827E521DE6F}"
EndProject
Project("{FAE04EC0-301F-11D3-BF4B-00C04F79EFBC}") = "TaskServer", "TaskServer\TaskServer.csproj", "{3C1C7194-F90F-4A3E-8887-947D1CD921D0}"
EndProject
Project("{FAE04EC0-301F-11D3-BF4B-00C04F79EFBC}") = "TaskHost", "TaskHost\TaskHost.csproj", "{975E0C3D-04C5-4CC5-8598-EDD715497FF0}"
EndProject
Project("{FAE04EC0-301F-11D3-BF4B-00C04F79EFBC}") = "Ookii.Jumbo.Test.Tasks", "Ookii.Jumbo.Test.Tasks\Ookii.Jumbo.Test.Tasks.csproj", "{717C205E-0936-4061-9F50-E1EAB770E6D6}"
EndProject
Project("{FAE04EC0-301F-11D3-BF4B-00C04F79EFBC}") = "JetShell", "JetShell\JetShell.csproj", "{0F6B643E-3122-41A3-9B28-0D17CE824EDF}"
EndProject
Project("{FAE04EC0-301F-11D3-BF4B-00C04F79EFBC}") = "Ookii.Jumbo.Jet.Samples", "Ookii.Jumbo.Jet.Samples\Ookii.Jumbo.Jet.Samples.csproj", "{D9CBA673-454D-4821-AB1B-1A423C28B4A8}"
EndProject
Project("{8BC9CEB8-8B4A-11D0-8D11-00A0C91BC942}") = "Ookii.Jumbo.Native", "Ookii.Jumbo.Native\Ookii.Jumbo.Native.vcxproj", "{593733BD-22EC-45CF-86D6-75265B12450B}"
	ProjectSection(ProjectDependencies) = postProject
		{6D59A812-DDDE-4682-98D7-FDDEF74AAF81} = {6D59A812-DDDE-4682-98D7-FDDEF74AAF81}
	EndProjectSection
EndProject
Project("{E24C65DC-7377-472B-9ABA-BC803B73C61A}") = "JetWeb", "http://localhost:18104", "{846592A0-A34E-499B-9052-8F3981062FE1}"
	ProjectSection(WebsiteProperties) = preProject
		UseIISExpress = "true"
		TargetFrameworkMoniker = ".NETFramework,Version%3Dv4.0"
		ProjectReferences = "{17C7CE1A-4F9F-4173-8BA8-9C26A4F644C6}|Ookii.Jumbo.dll;{E739829A-3507-42EA-A8B4-D8D41060DF95}|Ookii.Jumbo.Jet.dll;{67D71A3A-4FDA-4136-8423-07A7C1592E65}|Ookii.Jumbo.Dfs.dll;"
		Debug.AspNetCompiler.VirtualPath = "/JetWeb"
		Debug.AspNetCompiler.PhysicalPath = "JetWeb\"
		Debug.AspNetCompiler.TargetPath = "PrecompiledWeb\JetWeb\"
		Debug.AspNetCompiler.Updateable = "true"
		Debug.AspNetCompiler.ForceOverwrite = "true"
		Debug.AspNetCompiler.FixedNames = "false"
		Debug.AspNetCompiler.Debug = "True"
		Release.AspNetCompiler.VirtualPath = "/JetWeb"
		Release.AspNetCompiler.PhysicalPath = "JetWeb\"
		Release.AspNetCompiler.TargetPath = "PrecompiledWeb\JetWeb\"
		Release.AspNetCompiler.Updateable = "true"
		Release.AspNetCompiler.ForceOverwrite = "true"
		Release.AspNetCompiler.FixedNames = "false"
		Release.AspNetCompiler.Debug = "False"
		SlnRelativePath = "JetWeb\"
		DefaultWebSiteLanguage = "Visual C#"
	EndProjectSection
EndProject
Project("{E24C65DC-7377-472B-9ABA-BC803B73C61A}") = "DfsWeb", "http://localhost:18102", "{0B4087DF-01EE-4720-849F-850A797AEBF5}"
	ProjectSection(WebsiteProperties) = preProject
		UseIISExpress = "true"
		TargetFrameworkMoniker = ".NETFramework,Version%3Dv4.0"
		ProjectReferences = "{17C7CE1A-4F9F-4173-8BA8-9C26A4F644C6}|Ookii.Jumbo.dll;{67D71A3A-4FDA-4136-8423-07A7C1592E65}|Ookii.Jumbo.Dfs.dll;"
		Debug.AspNetCompiler.VirtualPath = "/DfsWeb"
		Debug.AspNetCompiler.PhysicalPath = "DfsWeb\"
		Debug.AspNetCompiler.TargetPath = "PrecompiledWeb\DfsWeb\"
		Debug.AspNetCompiler.Updateable = "true"
		Debug.AspNetCompiler.ForceOverwrite = "true"
		Debug.AspNetCompiler.FixedNames = "false"
		Debug.AspNetCompiler.Debug = "True"
		Release.AspNetCompiler.VirtualPath = "/DfsWeb"
		Release.AspNetCompiler.PhysicalPath = "DfsWeb\"
		Release.AspNetCompiler.TargetPath = "PrecompiledWeb\DfsWeb\"
		Release.AspNetCompiler.Updateable = "true"
		Release.AspNetCompiler.ForceOverwrite = "true"
		Release.AspNetCompiler.FixedNames = "false"
		Release.AspNetCompiler.Debug = "False"
		SlnRelativePath = "DfsWeb\"
		DefaultWebSiteLanguage = "Visual C#"
	EndProjectSection
EndProject
Global
	GlobalSection(SubversionScc) = preSolution
		Svn-Managed = True
		Manager = AnkhSVN - Subversion Support for Visual Studio
	EndGlobalSection
	GlobalSection(SolutionConfigurationPlatforms) = preSolution
		Debug|Any CPU = Debug|Any CPU
		Debug|Mixed Platforms = Debug|Mixed Platforms
		Debug|Win32 = Debug|Win32
		Debug|x64 = Debug|x64
		Release|Any CPU = Release|Any CPU
		Release|Mixed Platforms = Release|Mixed Platforms
		Release|Win32 = Release|Win32
		Release|x64 = Release|x64
	EndGlobalSection
	GlobalSection(ProjectConfigurationPlatforms) = postSolution
		{EDAB2A7C-1894-428F-9B1C-3B33AC0E0F3B}.Debug|Any CPU.ActiveCfg = Debug|Any CPU
		{EDAB2A7C-1894-428F-9B1C-3B33AC0E0F3B}.Debug|Any CPU.Build.0 = Debug|Any CPU
		{EDAB2A7C-1894-428F-9B1C-3B33AC0E0F3B}.Debug|Mixed Platforms.ActiveCfg = Debug|Any CPU
		{EDAB2A7C-1894-428F-9B1C-3B33AC0E0F3B}.Debug|Mixed Platforms.Build.0 = Debug|Any CPU
		{EDAB2A7C-1894-428F-9B1C-3B33AC0E0F3B}.Debug|Win32.ActiveCfg = Debug|Any CPU
		{EDAB2A7C-1894-428F-9B1C-3B33AC0E0F3B}.Debug|x64.ActiveCfg = Debug|Any CPU
		{EDAB2A7C-1894-428F-9B1C-3B33AC0E0F3B}.Debug|x64.Build.0 = Debug|Any CPU
		{EDAB2A7C-1894-428F-9B1C-3B33AC0E0F3B}.Release|Any CPU.ActiveCfg = Release|Any CPU
		{EDAB2A7C-1894-428F-9B1C-3B33AC0E0F3B}.Release|Any CPU.Build.0 = Release|Any CPU
		{EDAB2A7C-1894-428F-9B1C-3B33AC0E0F3B}.Release|Mixed Platforms.ActiveCfg = Release|Any CPU
		{EDAB2A7C-1894-428F-9B1C-3B33AC0E0F3B}.Release|Mixed Platforms.Build.0 = Release|Any CPU
		{EDAB2A7C-1894-428F-9B1C-3B33AC0E0F3B}.Release|Win32.ActiveCfg = Release|Any CPU
		{EDAB2A7C-1894-428F-9B1C-3B33AC0E0F3B}.Release|x64.ActiveCfg = Release|Any CPU
		{EDAB2A7C-1894-428F-9B1C-3B33AC0E0F3B}.Release|x64.Build.0 = Release|Any CPU
		{67D71A3A-4FDA-4136-8423-07A7C1592E65}.Debug|Any CPU.ActiveCfg = Debug|Any CPU
		{67D71A3A-4FDA-4136-8423-07A7C1592E65}.Debug|Any CPU.Build.0 = Debug|Any CPU
		{67D71A3A-4FDA-4136-8423-07A7C1592E65}.Debug|Mixed Platforms.ActiveCfg = Debug|Any CPU
		{67D71A3A-4FDA-4136-8423-07A7C1592E65}.Debug|Mixed Platforms.Build.0 = Debug|Any CPU
		{67D71A3A-4FDA-4136-8423-07A7C1592E65}.Debug|Win32.ActiveCfg = Debug|Any CPU
		{67D71A3A-4FDA-4136-8423-07A7C1592E65}.Debug|x64.ActiveCfg = Debug|Any CPU
		{67D71A3A-4FDA-4136-8423-07A7C1592E65}.Debug|x64.Build.0 = Debug|Any CPU
		{67D71A3A-4FDA-4136-8423-07A7C1592E65}.Release|Any CPU.ActiveCfg = Release|Any CPU
		{67D71A3A-4FDA-4136-8423-07A7C1592E65}.Release|Any CPU.Build.0 = Release|Any CPU
		{67D71A3A-4FDA-4136-8423-07A7C1592E65}.Release|Mixed Platforms.ActiveCfg = Release|Any CPU
		{67D71A3A-4FDA-4136-8423-07A7C1592E65}.Release|Mixed Platforms.Build.0 = Release|Any CPU
		{67D71A3A-4FDA-4136-8423-07A7C1592E65}.Release|Win32.ActiveCfg = Release|Any CPU
		{67D71A3A-4FDA-4136-8423-07A7C1592E65}.Release|x64.ActiveCfg = Release|Any CPU
		{67D71A3A-4FDA-4136-8423-07A7C1592E65}.Release|x64.Build.0 = Release|Any CPU
		{BFC1A761-6DB1-4C3D-8A0C-E5261B1202AC}.Debug|Any CPU.ActiveCfg = Debug|Any CPU
		{BFC1A761-6DB1-4C3D-8A0C-E5261B1202AC}.Debug|Any CPU.Build.0 = Debug|Any CPU
		{BFC1A761-6DB1-4C3D-8A0C-E5261B1202AC}.Debug|Mixed Platforms.ActiveCfg = Debug|Any CPU
		{BFC1A761-6DB1-4C3D-8A0C-E5261B1202AC}.Debug|Mixed Platforms.Build.0 = Debug|Any CPU
		{BFC1A761-6DB1-4C3D-8A0C-E5261B1202AC}.Debug|Win32.ActiveCfg = Debug|Any CPU
		{BFC1A761-6DB1-4C3D-8A0C-E5261B1202AC}.Debug|x64.ActiveCfg = Debug|Any CPU
		{BFC1A761-6DB1-4C3D-8A0C-E5261B1202AC}.Debug|x64.Build.0 = Debug|Any CPU
		{BFC1A761-6DB1-4C3D-8A0C-E5261B1202AC}.Release|Any CPU.ActiveCfg = Release|Any CPU
		{BFC1A761-6DB1-4C3D-8A0C-E5261B1202AC}.Release|Any CPU.Build.0 = Release|Any CPU
		{BFC1A761-6DB1-4C3D-8A0C-E5261B1202AC}.Release|Mixed Platforms.ActiveCfg = Release|Any CPU
		{BFC1A761-6DB1-4C3D-8A0C-E5261B1202AC}.Release|Mixed Platforms.Build.0 = Release|Any CPU
		{BFC1A761-6DB1-4C3D-8A0C-E5261B1202AC}.Release|Win32.ActiveCfg = Release|Any CPU
		{BFC1A761-6DB1-4C3D-8A0C-E5261B1202AC}.Release|x64.ActiveCfg = Release|Any CPU
		{BFC1A761-6DB1-4C3D-8A0C-E5261B1202AC}.Release|x64.Build.0 = Release|Any CPU
		{6D59A812-DDDE-4682-98D7-FDDEF74AAF81}.Debug|Any CPU.ActiveCfg = Debug|Any CPU
		{6D59A812-DDDE-4682-98D7-FDDEF74AAF81}.Debug|Any CPU.Build.0 = Debug|Any CPU
		{6D59A812-DDDE-4682-98D7-FDDEF74AAF81}.Debug|Mixed Platforms.ActiveCfg = Debug|Any CPU
		{6D59A812-DDDE-4682-98D7-FDDEF74AAF81}.Debug|Mixed Platforms.Build.0 = Debug|Any CPU
		{6D59A812-DDDE-4682-98D7-FDDEF74AAF81}.Debug|Win32.ActiveCfg = Debug|Any CPU
		{6D59A812-DDDE-4682-98D7-FDDEF74AAF81}.Debug|x64.ActiveCfg = Debug|Any CPU
		{6D59A812-DDDE-4682-98D7-FDDEF74AAF81}.Debug|x64.Build.0 = Debug|Any CPU
		{6D59A812-DDDE-4682-98D7-FDDEF74AAF81}.Release|Any CPU.ActiveCfg = Release|Any CPU
		{6D59A812-DDDE-4682-98D7-FDDEF74AAF81}.Release|Any CPU.Build.0 = Release|Any CPU
		{6D59A812-DDDE-4682-98D7-FDDEF74AAF81}.Release|Mixed Platforms.ActiveCfg = Release|Any CPU
		{6D59A812-DDDE-4682-98D7-FDDEF74AAF81}.Release|Mixed Platforms.Build.0 = Release|Any CPU
		{6D59A812-DDDE-4682-98D7-FDDEF74AAF81}.Release|Win32.ActiveCfg = Release|Any CPU
		{6D59A812-DDDE-4682-98D7-FDDEF74AAF81}.Release|x64.ActiveCfg = Release|Any CPU
		{6D59A812-DDDE-4682-98D7-FDDEF74AAF81}.Release|x64.Build.0 = Release|Any CPU
		{5D898EC9-524F-4055-B9C3-3FB6013AB9D3}.Debug|Any CPU.ActiveCfg = Debug|Any CPU
		{5D898EC9-524F-4055-B9C3-3FB6013AB9D3}.Debug|Any CPU.Build.0 = Debug|Any CPU
		{5D898EC9-524F-4055-B9C3-3FB6013AB9D3}.Debug|Mixed Platforms.ActiveCfg = Debug|Any CPU
		{5D898EC9-524F-4055-B9C3-3FB6013AB9D3}.Debug|Mixed Platforms.Build.0 = Debug|Any CPU
		{5D898EC9-524F-4055-B9C3-3FB6013AB9D3}.Debug|Win32.ActiveCfg = Debug|Any CPU
		{5D898EC9-524F-4055-B9C3-3FB6013AB9D3}.Debug|x64.ActiveCfg = Debug|Any CPU
		{5D898EC9-524F-4055-B9C3-3FB6013AB9D3}.Debug|x64.Build.0 = Debug|Any CPU
		{5D898EC9-524F-4055-B9C3-3FB6013AB9D3}.Release|Any CPU.ActiveCfg = Release|Any CPU
		{5D898EC9-524F-4055-B9C3-3FB6013AB9D3}.Release|Any CPU.Build.0 = Release|Any CPU
		{5D898EC9-524F-4055-B9C3-3FB6013AB9D3}.Release|Mixed Platforms.ActiveCfg = Release|Any CPU
		{5D898EC9-524F-4055-B9C3-3FB6013AB9D3}.Release|Mixed Platforms.Build.0 = Release|Any CPU
		{5D898EC9-524F-4055-B9C3-3FB6013AB9D3}.Release|Win32.ActiveCfg = Release|Any CPU
		{5D898EC9-524F-4055-B9C3-3FB6013AB9D3}.Release|x64.ActiveCfg = Release|Any CPU
		{5D898EC9-524F-4055-B9C3-3FB6013AB9D3}.Release|x64.Build.0 = Release|Any CPU
		{17C7CE1A-4F9F-4173-8BA8-9C26A4F644C6}.Debug|Any CPU.ActiveCfg = Debug|Any CPU
		{17C7CE1A-4F9F-4173-8BA8-9C26A4F644C6}.Debug|Any CPU.Build.0 = Debug|Any CPU
		{17C7CE1A-4F9F-4173-8BA8-9C26A4F644C6}.Debug|Mixed Platforms.ActiveCfg = Debug|Any CPU
		{17C7CE1A-4F9F-4173-8BA8-9C26A4F644C6}.Debug|Mixed Platforms.Build.0 = Debug|Any CPU
		{17C7CE1A-4F9F-4173-8BA8-9C26A4F644C6}.Debug|Win32.ActiveCfg = Debug|Any CPU
		{17C7CE1A-4F9F-4173-8BA8-9C26A4F644C6}.Debug|x64.ActiveCfg = Debug|Any CPU
		{17C7CE1A-4F9F-4173-8BA8-9C26A4F644C6}.Debug|x64.Build.0 = Debug|Any CPU
		{17C7CE1A-4F9F-4173-8BA8-9C26A4F644C6}.Release|Any CPU.ActiveCfg = Release|Any CPU
		{17C7CE1A-4F9F-4173-8BA8-9C26A4F644C6}.Release|Any CPU.Build.0 = Release|Any CPU
		{17C7CE1A-4F9F-4173-8BA8-9C26A4F644C6}.Release|Mixed Platforms.ActiveCfg = Release|Any CPU
		{17C7CE1A-4F9F-4173-8BA8-9C26A4F644C6}.Release|Mixed Platforms.Build.0 = Release|Any CPU
		{17C7CE1A-4F9F-4173-8BA8-9C26A4F644C6}.Release|Win32.ActiveCfg = Release|Any CPU
		{17C7CE1A-4F9F-4173-8BA8-9C26A4F644C6}.Release|x64.ActiveCfg = Release|Any CPU
		{17C7CE1A-4F9F-4173-8BA8-9C26A4F644C6}.Release|x64.Build.0 = Release|Any CPU
		{E739829A-3507-42EA-A8B4-D8D41060DF95}.Debug|Any CPU.ActiveCfg = Debug|Any CPU
		{E739829A-3507-42EA-A8B4-D8D41060DF95}.Debug|Any CPU.Build.0 = Debug|Any CPU
		{E739829A-3507-42EA-A8B4-D8D41060DF95}.Debug|Mixed Platforms.ActiveCfg = Debug|Any CPU
		{E739829A-3507-42EA-A8B4-D8D41060DF95}.Debug|Mixed Platforms.Build.0 = Debug|Any CPU
		{E739829A-3507-42EA-A8B4-D8D41060DF95}.Debug|Win32.ActiveCfg = Debug|Any CPU
		{E739829A-3507-42EA-A8B4-D8D41060DF95}.Debug|x64.ActiveCfg = Debug|Any CPU
		{E739829A-3507-42EA-A8B4-D8D41060DF95}.Debug|x64.Build.0 = Debug|Any CPU
		{E739829A-3507-42EA-A8B4-D8D41060DF95}.Release|Any CPU.ActiveCfg = Release|Any CPU
		{E739829A-3507-42EA-A8B4-D8D41060DF95}.Release|Any CPU.Build.0 = Release|Any CPU
		{E739829A-3507-42EA-A8B4-D8D41060DF95}.Release|Mixed Platforms.ActiveCfg = Release|Any CPU
		{E739829A-3507-42EA-A8B4-D8D41060DF95}.Release|Mixed Platforms.Build.0 = Release|Any CPU
		{E739829A-3507-42EA-A8B4-D8D41060DF95}.Release|Win32.ActiveCfg = Release|Any CPU
		{E739829A-3507-42EA-A8B4-D8D41060DF95}.Release|x64.ActiveCfg = Release|Any CPU
		{E739829A-3507-42EA-A8B4-D8D41060DF95}.Release|x64.Build.0 = Release|Any CPU
		{F1489C9B-CF7F-4D98-9FBE-F827E521DE6F}.Debug|Any CPU.ActiveCfg = Debug|Any CPU
		{F1489C9B-CF7F-4D98-9FBE-F827E521DE6F}.Debug|Any CPU.Build.0 = Debug|Any CPU
		{F1489C9B-CF7F-4D98-9FBE-F827E521DE6F}.Debug|Mixed Platforms.ActiveCfg = Debug|Any CPU
		{F1489C9B-CF7F-4D98-9FBE-F827E521DE6F}.Debug|Mixed Platforms.Build.0 = Debug|Any CPU
		{F1489C9B-CF7F-4D98-9FBE-F827E521DE6F}.Debug|Win32.ActiveCfg = Debug|Any CPU
		{F1489C9B-CF7F-4D98-9FBE-F827E521DE6F}.Debug|x64.ActiveCfg = Debug|Any CPU
		{F1489C9B-CF7F-4D98-9FBE-F827E521DE6F}.Debug|x64.Build.0 = Debug|Any CPU
		{F1489C9B-CF7F-4D98-9FBE-F827E521DE6F}.Release|Any CPU.ActiveCfg = Release|Any CPU
		{F1489C9B-CF7F-4D98-9FBE-F827E521DE6F}.Release|Any CPU.Build.0 = Release|Any CPU
		{F1489C9B-CF7F-4D98-9FBE-F827E521DE6F}.Release|Mixed Platforms.ActiveCfg = Release|Any CPU
		{F1489C9B-CF7F-4D98-9FBE-F827E521DE6F}.Release|Mixed Platforms.Build.0 = Release|Any CPU
		{F1489C9B-CF7F-4D98-9FBE-F827E521DE6F}.Release|Win32.ActiveCfg = Release|Any CPU
		{F1489C9B-CF7F-4D98-9FBE-F827E521DE6F}.Release|x64.ActiveCfg = Release|Any CPU
		{F1489C9B-CF7F-4D98-9FBE-F827E521DE6F}.Release|x64.Build.0 = Release|Any CPU
		{3C1C7194-F90F-4A3E-8887-947D1CD921D0}.Debug|Any CPU.ActiveCfg = Debug|Any CPU
		{3C1C7194-F90F-4A3E-8887-947D1CD921D0}.Debug|Any CPU.Build.0 = Debug|Any CPU
		{3C1C7194-F90F-4A3E-8887-947D1CD921D0}.Debug|Mixed Platforms.ActiveCfg = Debug|Any CPU
		{3C1C7194-F90F-4A3E-8887-947D1CD921D0}.Debug|Mixed Platforms.Build.0 = Debug|Any CPU
		{3C1C7194-F90F-4A3E-8887-947D1CD921D0}.Debug|Win32.ActiveCfg = Debug|Any CPU
		{3C1C7194-F90F-4A3E-8887-947D1CD921D0}.Debug|x64.ActiveCfg = Debug|Any CPU
		{3C1C7194-F90F-4A3E-8887-947D1CD921D0}.Debug|x64.Build.0 = Debug|Any CPU
		{3C1C7194-F90F-4A3E-8887-947D1CD921D0}.Release|Any CPU.ActiveCfg = Release|Any CPU
		{3C1C7194-F90F-4A3E-8887-947D1CD921D0}.Release|Any CPU.Build.0 = Release|Any CPU
		{3C1C7194-F90F-4A3E-8887-947D1CD921D0}.Release|Mixed Platforms.ActiveCfg = Release|Any CPU
		{3C1C7194-F90F-4A3E-8887-947D1CD921D0}.Release|Mixed Platforms.Build.0 = Release|Any CPU
		{3C1C7194-F90F-4A3E-8887-947D1CD921D0}.Release|Win32.ActiveCfg = Release|Any CPU
		{3C1C7194-F90F-4A3E-8887-947D1CD921D0}.Release|x64.ActiveCfg = Release|Any CPU
		{3C1C7194-F90F-4A3E-8887-947D1CD921D0}.Release|x64.Build.0 = Release|Any CPU
		{975E0C3D-04C5-4CC5-8598-EDD715497FF0}.Debug|Any CPU.ActiveCfg = Debug|Any CPU
		{975E0C3D-04C5-4CC5-8598-EDD715497FF0}.Debug|Any CPU.Build.0 = Debug|Any CPU
		{975E0C3D-04C5-4CC5-8598-EDD715497FF0}.Debug|Mixed Platforms.ActiveCfg = Debug|Any CPU
		{975E0C3D-04C5-4CC5-8598-EDD715497FF0}.Debug|Mixed Platforms.Build.0 = Debug|Any CPU
		{975E0C3D-04C5-4CC5-8598-EDD715497FF0}.Debug|Win32.ActiveCfg = Debug|Any CPU
		{975E0C3D-04C5-4CC5-8598-EDD715497FF0}.Debug|x64.ActiveCfg = Debug|Any CPU
		{975E0C3D-04C5-4CC5-8598-EDD715497FF0}.Debug|x64.Build.0 = Debug|Any CPU
		{975E0C3D-04C5-4CC5-8598-EDD715497FF0}.Release|Any CPU.ActiveCfg = Release|Any CPU
		{975E0C3D-04C5-4CC5-8598-EDD715497FF0}.Release|Any CPU.Build.0 = Release|Any CPU
		{975E0C3D-04C5-4CC5-8598-EDD715497FF0}.Release|Mixed Platforms.ActiveCfg = Release|Any CPU
		{975E0C3D-04C5-4CC5-8598-EDD715497FF0}.Release|Mixed Platforms.Build.0 = Release|Any CPU
		{975E0C3D-04C5-4CC5-8598-EDD715497FF0}.Release|Win32.ActiveCfg = Release|Any CPU
		{975E0C3D-04C5-4CC5-8598-EDD715497FF0}.Release|x64.ActiveCfg = Release|Any CPU
		{975E0C3D-04C5-4CC5-8598-EDD715497FF0}.Release|x64.Build.0 = Release|Any CPU
		{717C205E-0936-4061-9F50-E1EAB770E6D6}.Debug|Any CPU.ActiveCfg = Debug|Any CPU
		{717C205E-0936-4061-9F50-E1EAB770E6D6}.Debug|Any CPU.Build.0 = Debug|Any CPU
		{717C205E-0936-4061-9F50-E1EAB770E6D6}.Debug|Mixed Platforms.ActiveCfg = Debug|Any CPU
		{717C205E-0936-4061-9F50-E1EAB770E6D6}.Debug|Mixed Platforms.Build.0 = Debug|Any CPU
		{717C205E-0936-4061-9F50-E1EAB770E6D6}.Debug|Win32.ActiveCfg = Debug|Any CPU
		{717C205E-0936-4061-9F50-E1EAB770E6D6}.Debug|x64.ActiveCfg = Debug|Any CPU
		{717C205E-0936-4061-9F50-E1EAB770E6D6}.Debug|x64.Build.0 = Debug|Any CPU
		{717C205E-0936-4061-9F50-E1EAB770E6D6}.Release|Any CPU.ActiveCfg = Release|Any CPU
		{717C205E-0936-4061-9F50-E1EAB770E6D6}.Release|Any CPU.Build.0 = Release|Any CPU
		{717C205E-0936-4061-9F50-E1EAB770E6D6}.Release|Mixed Platforms.ActiveCfg = Release|Any CPU
		{717C205E-0936-4061-9F50-E1EAB770E6D6}.Release|Mixed Platforms.Build.0 = Release|Any CPU
		{717C205E-0936-4061-9F50-E1EAB770E6D6}.Release|Win32.ActiveCfg = Release|Any CPU
		{717C205E-0936-4061-9F50-E1EAB770E6D6}.Release|x64.ActiveCfg = Release|Any CPU
		{717C205E-0936-4061-9F50-E1EAB770E6D6}.Release|x64.Build.0 = Release|Any CPU
		{0F6B643E-3122-41A3-9B28-0D17CE824EDF}.Debug|Any CPU.ActiveCfg = Debug|Any CPU
		{0F6B643E-3122-41A3-9B28-0D17CE824EDF}.Debug|Any CPU.Build.0 = Debug|Any CPU
		{0F6B643E-3122-41A3-9B28-0D17CE824EDF}.Debug|Mixed Platforms.ActiveCfg = Debug|Any CPU
		{0F6B643E-3122-41A3-9B28-0D17CE824EDF}.Debug|Mixed Platforms.Build.0 = Debug|Any CPU
		{0F6B643E-3122-41A3-9B28-0D17CE824EDF}.Debug|Win32.ActiveCfg = Debug|Any CPU
		{0F6B643E-3122-41A3-9B28-0D17CE824EDF}.Debug|x64.ActiveCfg = Debug|Any CPU
		{0F6B643E-3122-41A3-9B28-0D17CE824EDF}.Debug|x64.Build.0 = Debug|Any CPU
		{0F6B643E-3122-41A3-9B28-0D17CE824EDF}.Release|Any CPU.ActiveCfg = Release|Any CPU
		{0F6B643E-3122-41A3-9B28-0D17CE824EDF}.Release|Any CPU.Build.0 = Release|Any CPU
		{0F6B643E-3122-41A3-9B28-0D17CE824EDF}.Release|Mixed Platforms.ActiveCfg = Release|Any CPU
		{0F6B643E-3122-41A3-9B28-0D17CE824EDF}.Release|Mixed Platforms.Build.0 = Release|Any CPU
		{0F6B643E-3122-41A3-9B28-0D17CE824EDF}.Release|Win32.ActiveCfg = Release|Any CPU
		{0F6B643E-3122-41A3-9B28-0D17CE824EDF}.Release|x64.ActiveCfg = Release|Any CPU
		{0F6B643E-3122-41A3-9B28-0D17CE824EDF}.Release|x64.Build.0 = Release|Any CPU
		{D9CBA673-454D-4821-AB1B-1A423C28B4A8}.Debug|Any CPU.ActiveCfg = Debug|Any CPU
		{D9CBA673-454D-4821-AB1B-1A423C28B4A8}.Debug|Any CPU.Build.0 = Debug|Any CPU
		{D9CBA673-454D-4821-AB1B-1A423C28B4A8}.Debug|Mixed Platforms.ActiveCfg = Debug|Any CPU
		{D9CBA673-454D-4821-AB1B-1A423C28B4A8}.Debug|Mixed Platforms.Build.0 = Debug|Any CPU
		{D9CBA673-454D-4821-AB1B-1A423C28B4A8}.Debug|Win32.ActiveCfg = Debug|Any CPU
		{D9CBA673-454D-4821-AB1B-1A423C28B4A8}.Debug|x64.ActiveCfg = Debug|Any CPU
		{D9CBA673-454D-4821-AB1B-1A423C28B4A8}.Debug|x64.Build.0 = Debug|Any CPU
		{D9CBA673-454D-4821-AB1B-1A423C28B4A8}.Release|Any CPU.ActiveCfg = Release|Any CPU
		{D9CBA673-454D-4821-AB1B-1A423C28B4A8}.Release|Any CPU.Build.0 = Release|Any CPU
		{D9CBA673-454D-4821-AB1B-1A423C28B4A8}.Release|Mixed Platforms.ActiveCfg = Release|Any CPU
		{D9CBA673-454D-4821-AB1B-1A423C28B4A8}.Release|Mixed Platforms.Build.0 = Release|Any CPU
		{D9CBA673-454D-4821-AB1B-1A423C28B4A8}.Release|Win32.ActiveCfg = Release|Any CPU
		{D9CBA673-454D-4821-AB1B-1A423C28B4A8}.Release|x64.ActiveCfg = Release|Any CPU
		{D9CBA673-454D-4821-AB1B-1A423C28B4A8}.Release|x64.Build.0 = Release|Any CPU
		{593733BD-22EC-45CF-86D6-75265B12450B}.Debug|Any CPU.ActiveCfg = Debug|Win32
		{593733BD-22EC-45CF-86D6-75265B12450B}.Debug|Mixed Platforms.ActiveCfg = Debug|Win32
		{593733BD-22EC-45CF-86D6-75265B12450B}.Debug|Mixed Platforms.Build.0 = Debug|Win32
		{593733BD-22EC-45CF-86D6-75265B12450B}.Debug|Win32.ActiveCfg = Debug|Win32
		{593733BD-22EC-45CF-86D6-75265B12450B}.Debug|Win32.Build.0 = Debug|Win32
		{593733BD-22EC-45CF-86D6-75265B12450B}.Debug|x64.ActiveCfg = Debug|x64
		{593733BD-22EC-45CF-86D6-75265B12450B}.Debug|x64.Build.0 = Debug|x64
		{593733BD-22EC-45CF-86D6-75265B12450B}.Release|Any CPU.ActiveCfg = Release|Win32
		{593733BD-22EC-45CF-86D6-75265B12450B}.Release|Mixed Platforms.ActiveCfg = Release|Win32
		{593733BD-22EC-45CF-86D6-75265B12450B}.Release|Mixed Platforms.Build.0 = Release|Win32
		{593733BD-22EC-45CF-86D6-75265B12450B}.Release|Win32.ActiveCfg = Release|Win32
		{593733BD-22EC-45CF-86D6-75265B12450B}.Release|Win32.Build.0 = Release|Win32
		{593733BD-22EC-45CF-86D6-75265B12450B}.Release|x64.ActiveCfg = Release|x64
		{593733BD-22EC-45CF-86D6-75265B12450B}.Release|x64.Build.0 = Release|x64
		{846592A0-A34E-499B-9052-8F3981062FE1}.Debug|Any CPU.ActiveCfg = Debug|Any CPU
		{846592A0-A34E-499B-9052-8F3981062FE1}.Debug|Any CPU.Build.0 = Debug|Any CPU
		{846592A0-A34E-499B-9052-8F3981062FE1}.Debug|Mixed Platforms.ActiveCfg = Debug|Any CPU
		{846592A0-A34E-499B-9052-8F3981062FE1}.Debug|Mixed Platforms.Build.0 = Debug|Any CPU
		{846592A0-A34E-499B-9052-8F3981062FE1}.Debug|Win32.ActiveCfg = Debug|Any CPU
		{846592A0-A34E-499B-9052-8F3981062FE1}.Debug|x64.ActiveCfg = Debug|Any CPU
		{846592A0-A34E-499B-9052-8F3981062FE1}.Release|Any CPU.ActiveCfg = Debug|Any CPU
		{846592A0-A34E-499B-9052-8F3981062FE1}.Release|Any CPU.Build.0 = Debug|Any CPU
		{846592A0-A34E-499B-9052-8F3981062FE1}.Release|Mixed Platforms.ActiveCfg = Debug|Any CPU
		{846592A0-A34E-499B-9052-8F3981062FE1}.Release|Mixed Platforms.Build.0 = Debug|Any CPU
		{846592A0-A34E-499B-9052-8F3981062FE1}.Release|Win32.ActiveCfg = Debug|Any CPU
		{846592A0-A34E-499B-9052-8F3981062FE1}.Release|x64.ActiveCfg = Debug|Any CPU
		{0B4087DF-01EE-4720-849F-850A797AEBF5}.Debug|Any CPU.ActiveCfg = Debug|Any CPU
		{0B4087DF-01EE-4720-849F-850A797AEBF5}.Debug|Any CPU.Build.0 = Debug|Any CPU
		{0B4087DF-01EE-4720-849F-850A797AEBF5}.Debug|Mixed Platforms.ActiveCfg = Debug|Any CPU
		{0B4087DF-01EE-4720-849F-850A797AEBF5}.Debug|Mixed Platforms.Build.0 = Debug|Any CPU
		{0B4087DF-01EE-4720-849F-850A797AEBF5}.Debug|Win32.ActiveCfg = Debug|Any CPU
		{0B4087DF-01EE-4720-849F-850A797AEBF5}.Debug|x64.ActiveCfg = Debug|Any CPU
		{0B4087DF-01EE-4720-849F-850A797AEBF5}.Release|Any CPU.ActiveCfg = Debug|Any CPU
		{0B4087DF-01EE-4720-849F-850A797AEBF5}.Release|Any CPU.Build.0 = Debug|Any CPU
		{0B4087DF-01EE-4720-849F-850A797AEBF5}.Release|Mixed Platforms.ActiveCfg = Debug|Any CPU
		{0B4087DF-01EE-4720-849F-850A797AEBF5}.Release|Mixed Platforms.Build.0 = Debug|Any CPU
		{0B4087DF-01EE-4720-849F-850A797AEBF5}.Release|Win32.ActiveCfg = Debug|Any CPU
		{0B4087DF-01EE-4720-849F-850A797AEBF5}.Release|x64.ActiveCfg = Debug|Any CPU
	EndGlobalSection
	GlobalSection(SolutionProperties) = preSolution
		HideSolutionNode = FALSE
	EndGlobalSection
	GlobalSection(NestedProjects) = preSolution
		{EDAB2A7C-1894-428F-9B1C-3B33AC0E0F3B} = {0703556B-46C0-4EBA-8178-2A03BEE80BBA}
		{67D71A3A-4FDA-4136-8423-07A7C1592E65} = {0703556B-46C0-4EBA-8178-2A03BEE80BBA}
		{BFC1A761-6DB1-4C3D-8A0C-E5261B1202AC} = {0703556B-46C0-4EBA-8178-2A03BEE80BBA}
		{5D898EC9-524F-4055-B9C3-3FB6013AB9D3} = {0703556B-46C0-4EBA-8178-2A03BEE80BBA}
		{0B4087DF-01EE-4720-849F-850A797AEBF5} = {0703556B-46C0-4EBA-8178-2A03BEE80BBA}
		{E739829A-3507-42EA-A8B4-D8D41060DF95} = {FB89B685-F2DA-45FF-A5B5-1DF6EF6E5F58}
		{F1489C9B-CF7F-4D98-9FBE-F827E521DE6F} = {FB89B685-F2DA-45FF-A5B5-1DF6EF6E5F58}
		{3C1C7194-F90F-4A3E-8887-947D1CD921D0} = {FB89B685-F2DA-45FF-A5B5-1DF6EF6E5F58}
		{975E0C3D-04C5-4CC5-8598-EDD715497FF0} = {FB89B685-F2DA-45FF-A5B5-1DF6EF6E5F58}
		{0F6B643E-3122-41A3-9B28-0D17CE824EDF} = {FB89B685-F2DA-45FF-A5B5-1DF6EF6E5F58}
		{D9CBA673-454D-4821-AB1B-1A423C28B4A8} = {FB89B685-F2DA-45FF-A5B5-1DF6EF6E5F58}
		{846592A0-A34E-499B-9052-8F3981062FE1} = {FB89B685-F2DA-45FF-A5B5-1DF6EF6E5F58}
		{6D59A812-DDDE-4682-98D7-FDDEF74AAF81} = {F2589416-5C6A-4FD8-B571-AAFB1FB0ED7C}
		{17C7CE1A-4F9F-4173-8BA8-9C26A4F644C6} = {F2589416-5C6A-4FD8-B571-AAFB1FB0ED7C}
		{717C205E-0936-4061-9F50-E1EAB770E6D6} = {F2589416-5C6A-4FD8-B571-AAFB1FB0ED7C}
		{593733BD-22EC-45CF-86D6-75265B12450B} = {F2589416-5C6A-4FD8-B571-AAFB1FB0ED7C}
	EndGlobalSection
EndGlobal
